NeoBundleLock neocomplete-rsense.vim 7ebad58d2ef6c96d4cc70314a1635af5e0051764
NeoBundleLock neocomplete.vim 7ebad58d2ef6c96d4cc70314a1635af5e0051764
NeoBundleLock rsense 7ebad58d2ef6c96d4cc70314a1635af5e0051764
NeoBundleLock syntastic 7ebad58d2ef6c96d4cc70314a1635af5e0051764
NeoBundleLock unite.vim 7ebad58d2ef6c96d4cc70314a1635af5e0051764
NeoBundleLock vim-endwise 7ebad58d2ef6c96d4cc70314a1635af5e0051764
NeoBundleLock vim-ref 7ebad58d2ef6c96d4cc70314a1635af5e0051764
NeoBundleLock vim-ref-ri 7ebad58d2ef6c96d4cc70314a1635af5e0051764
NeoBundleLock vim-tags 7ebad58d2ef6c96d4cc70314a1635af5e0051764
