NeoBundleLock neocomplete-rsense.vim a8b7460a41eb96aa1c9e49b231dd95e216c8dc2d
NeoBundleLock neocomplete.vim 38f6f183edc665b8c9f52dd1546dae2c4cc7e29c
NeoBundleLock rsense 2952a54972cf927d5419085d1867b65ff7ab0d41
NeoBundleLock syntastic cdfb64db6711f8df6937d368cff75c7213505fe2
NeoBundleLock unite.vim 9696ff5c8c74a328ee7e02b512e0718fc08bf080
NeoBundleLock vim-endwise 0067ceda37725d01b7bd5bf249d63b1b5d4e2ab4
NeoBundleLock vim-ref b45d10f6d0c82e3afd17774626e952fde03274a1
NeoBundleLock vim-ref-ri be7057de4a039969738108234463fc2ad6dae1a0
NeoBundleLock vim-tags e75dea76e488d9208ed73c53c46a4abee2695115
