NeoBundleLock neocomplete-rsense.vim a8b7460a41eb96aa1c9e49b231dd95e216c8dc2d
NeoBundleLock neocomplete.vim 52a60446cc3703dead4fd9b06866931457a80f6f
NeoBundleLock rsense 2952a54972cf927d5419085d1867b65ff7ab0d41
NeoBundleLock syntastic d79d77fbdd7fe4fb0ed5d80450f4118af810ec6f
NeoBundleLock unite.vim 454749a3d7eb6fac2e6b1bec094b27f2d6941013
NeoBundleLock vim-endwise f06abe3d6eca6f6ebfc31ea3163a51575f450df6
NeoBundleLock vim-ref 007b0ac409100cf2b83eb7dace5c8235e3737fef
NeoBundleLock vim-ref-ri e3a2dbb71af73bf15c9c2134cc3630edc60331eb
NeoBundleLock vim-tags e75dea76e488d9208ed73c53c46a4abee2695115
